
Microsoft Visual Studio Solution File, Format Version 12.00
# Visual Studio Version 17
VisualStudioVersion = 17.0.31919.166
MinimumVisualStudioVersion = 10.0.40219.1
Project("{8BC9CEB8-8B4A-11D0-8D11-00A0C91BC942}") = "Computer Graphics 0-5", "Computer Graphics 0-5\Computer Graphics 0-5.vcxproj", "{51A357AC-AECE-44E6-B62D-9FFC98D6C644}"
EndProject
Global
	GlobalSection(SolutionConfigurationPlatforms) = preSolution
		Debug|x64 = Debug|x64
		Debug|x86 = Debug|x86
		Release|x64 = Release|x64
		Release|x86 = Release|x86
	EndGlobalSection
	GlobalSection(ProjectConfigurationPlatforms) = postSolution
		{51A357AC-AECE-44E6-B62D-9FFC98D6C644}.Debug|x64.ActiveCfg = Debug|x64
		{51A357AC-AECE-44E6-B62D-9FFC98D6C644}.Debug|x64.Build.0 = Debug|x64
		{51A357AC-AECE-44E6-B62D-9FFC98D6C644}.Debug|x86.ActiveCfg = Debug|Win32
		{51A357AC-AECE-44E6-B62D-9FFC98D6C644}.Debug|x86.Build.0 = Debug|Win32
		{51A357AC-AECE-44E6-B62D-9FFC98D6C644}.Release|x64.ActiveCfg = Release|x64
		{51A357AC-AECE-44E6-B62D-9FFC98D6C644}.Release|x64.Build.0 = Release|x64
		{51A357AC-AECE-44E6-B62D-9FFC98D6C644}.Release|x86.ActiveCfg = Release|Win32
		{51A357AC-AECE-44E6-B62D-9FFC98D6C644}.Release|x86.Build.0 = Release|Win32
	EndGlobalSection
	GlobalSection(SolutionProperties) = preSolution
		HideSolutionNode = FALSE
	EndGlobalSection
	GlobalSection(ExtensibilityGlobals) = postSolution
		SolutionGuid = {1D6BF847-CF25-4E44-A52E-6DE07D99F664}
	EndGlobalSection
EndGlobal
